{
  "name": "react-full-screen-content",
  "lockfileVersion": 2,
  "requires": true,
  "packages": {
    "": {
      "dependencies": {
        "@fluentui/react": "^8.42.4"
      }
    },
    "node_modules/@fluentui/date-time-utilities": {
      "version": "8.2.2",
      "resolved": "https://registry.npmjs.org/@fluentui/date-time-utilities/-/date-time-utilities-8.2.2.tgz",
      "integrity": "sha512-djHrX/38ty+F93qLQjzmRzPzK598CW9g/RPhQH6GyrFBLPSWM1swYKB5TP6E7FrIf+fT4pVqrNUSYZhgi2rrOQ==",
      "dependencies": {
        "@fluentui/set-version": "^8.1.4",
        "tslib": "^2.1.0"
      }
    },
    "node_modules/@fluentui/dom-utilities": {
      "version": "2.1.4",
      "resolved": "https://registry.npmjs.org/@fluentui/dom-utilities/-/dom-utilities-2.1.4.tgz",
      "integrity": "sha512-+gsAnEjgoKB37o+tsMdSLtgqZ9z2PzpvnHx/2IqhRWjQQd7Xc7MbQsbZaQ5qfkioFHLnWGc/+WORpqKPy/sWrg==",
      "dependencies": {
        "@fluentui/set-version": "^8.1.4",
        "tslib": "^2.1.0"
      }
    },
    "node_modules/@fluentui/font-icons-mdl2": {
      "version": "8.1.17",
      "resolved": "https://registry.npmjs.org/@fluentui/font-icons-mdl2/-/font-icons-mdl2-8.1.17.tgz",
      "integrity": "sha512-/w5aRIjsPCCMUUjkx+A0ba6OAMh6JqK5txTFSZCWGNXqwUZEkI7JNj3fCsCAQpEXVKD19XisESgllpZfOTpyKw==",
      "dependencies": {
        "@fluentui/set-version": "^8.1.4",
        "@fluentui/style-utilities": "^8.4.2",
        "tslib": "^2.1.0"
      }
    },
    "node_modules/@fluentui/foundation-legacy": {
      "version": "8.1.16",
      "resolved": "https://registry.npmjs.org/@fluentui/foundation-legacy/-/foundation-legacy-8.1.16.tgz",
      "integrity": "sha512-u4A/w2XAxdjSrSWRP52HLQvGMoj4GI96eYYyRBRRHMNfEUO3uU9WUFb//VgaiApzV+GDNUJS4o1cXIWewPDiXQ==",
      "dependencies": {
        "@fluentui/merge-styles": "^8.2.1",
        "@fluentui/set-version": "^8.1.4",
        "@fluentui/style-utilities": "^8.4.2",
        "@fluentui/utilities": "^8.3.6",
        "tslib": "^2.1.0"
      },
      "peerDependencies": {
        "@types/react": ">=16.8.0 <18.0.0",
        "react": ">=16.8.0 <18.0.0"
      }
    },
    "node_modules/@fluentui/keyboard-key": {
      "version": "0.3.4",
      "resolved": "https://registry.npmjs.org/@fluentui/keyboard-key/-/keyboard-key-0.3.4.tgz",
      "integrity": "sha512-pVY2m3IC5+LLmMzsaPApX9eKTzpOzdgQwrR3FNTE6mGx3N/+QWYM7fdF+T1ldZQt87dCRSeQnmAo5kqjtxeA/w==",
      "dependencies": {
        "tslib": "^2.1.0"
      }
    },
    "node_modules/@fluentui/merge-styles": {
      "version": "8.2.1",
      "resolved": "https://registry.npmjs.org/@fluentui/merge-styles/-/merge-styles-8.2.1.tgz",
      "integrity": "sha512-PwFndIWHNpwNF3On1Y/Kn73ycXJrZNrIG7ZV/G+C6g+ebVP0I87Mgx3kt8I+/hZxQJ0vjrFVslXiNMOFOfLaSQ==",
      "dependencies": {
        "@fluentui/set-version": "^8.1.4",
        "tslib": "^2.1.0"
      }
    },
    "node_modules/@fluentui/react": {
      "version": "8.42.4",
      "resolved": "https://registry.npmjs.org/@fluentui/react/-/react-8.42.4.tgz",
      "integrity": "sha512-rf8hta+74Po59u+s7aS+KX1APvM1IbWinYEuCnr1nFcIVpF4SRhmcpdxkqkNG3V3TRrmCTk/lnl8ncPOxaws4w==",
      "dependencies": {
        "@fluentui/date-time-utilities": "^8.2.2",
        "@fluentui/font-icons-mdl2": "^8.1.17",
        "@fluentui/foundation-legacy": "^8.1.16",
        "@fluentui/merge-styles": "^8.2.1",
        "@fluentui/react-focus": "^8.3.8",
        "@fluentui/react-hooks": "^8.3.6",
        "@fluentui/react-window-provider": "^2.1.4",
        "@fluentui/set-version": "^8.1.4",
        "@fluentui/style-utilities": "^8.4.2",
        "@fluentui/theme": "^2.4.3",
        "@fluentui/utilities": "^8.3.6",
        "@microsoft/load-themed-styles": "^1.10.26",
        "tslib": "^2.1.0"
      },
      "peerDependencies": {
        "@types/react": ">=16.8.0 <18.0.0",
        "@types/react-dom": ">=16.8.0 <18.0.0",
        "react": ">=16.8.0 <18.0.0",
        "react-dom": ">=16.8.0 <18.0.0"
      }
    },
    "node_modules/@fluentui/react-focus": {
      "version": "8.3.8",
      "resolved": "https://registry.npmjs.org/@fluentui/react-focus/-/react-focus-8.3.8.tgz",
      "integrity": "sha512-mm4PUlzs6i4Op5V3+6R2wI0gxSQSrOsTj2HEZhCxvF9RdVKXUUSzhm23+mV6n+gQR1n3scxNxKzIbM3cOk073A==",
      "dependencies": {
        "@fluentui/keyboard-key": "^0.3.4",
        "@fluentui/merge-styles": "^8.2.1",
        "@fluentui/set-version": "^8.1.4",
        "@fluentui/style-utilities": "^8.4.2",
        "@fluentui/utilities": "^8.3.6",
        "tslib": "^2.1.0"
      },
      "peerDependencies": {
        "@types/react": ">=16.8.0 <18.0.0",
        "react": ">=16.8.0 <18.0.0"
      }
    },
    "node_modules/@fluentui/react-hooks": {
      "version": "8.3.6",
      "resolved": "https://registry.npmjs.org/@fluentui/react-hooks/-/react-hooks-8.3.6.tgz",
      "integrity": "sha512-LVzm3fHZyx8d9IPdfEX7DV5/6jick/21oPqhlnXjxZqYWUUx5hbo6qefuMrft/hBRA/oPc2yiMvri5E7q08/Hg==",
      "dependencies": {
        "@fluentui/react-window-provider": "^2.1.4",
        "@fluentui/set-version": "^8.1.4",
        "@fluentui/utilities": "^8.3.6",
        "tslib": "^2.1.0"
      },
      "peerDependencies": {
        "@types/react": ">=16.8.0 <18.0.0",
        "react": ">=16.8.0 <18.0.0"
      }
    },
    "node_modules/@fluentui/react-window-provider": {
      "version": "2.1.4",
      "resolved": "https://registry.npmjs.org/@fluentui/react-window-provider/-/react-window-provider-2.1.4.tgz",
      "integrity": "sha512-RztmJ7ol2eMDr3NCs2OcAA1cQjZdPPUEa4aurgh4Aq+JM/BiY0aK6S4SeFtVD7F8Q7PBOz/xwOG4HlnSMQtlsg==",
      "dependencies": {
        "@fluentui/set-version": "^8.1.4",
        "tslib": "^2.1.0"
      },
      "peerDependencies": {
        "@types/react": ">=16.8.0 <18.0.0",
        "react": ">=16.8.0 <18.0.0"
      }
    },
    "node_modules/@fluentui/set-version": {
      "version": "8.1.4",
      "resolved": "https://registry.npmjs.org/@fluentui/set-version/-/set-version-8.1.4.tgz",
      "integrity": "sha512-2otMyJ+s+W+hjBD4BKjwYKKinJUDeIKYKz93qKrrJS0i3fKfftNroy9dHFlIblZ7n747L334plLi3bzQO1bnvA==",
      "dependencies": {
        "tslib": "^2.1.0"
      }
    },
    "node_modules/@fluentui/style-utilities": {
      "version": "8.4.2",
      "resolved": "https://registry.npmjs.org/@fluentui/style-utilities/-/style-utilities-8.4.2.tgz",
      "integrity": "sha512-RwZo+IzzgQzdzxh0Zv5uEaUZKlNpR80ct7Y/8SiSyYOP4Q7vVqIg8kCj8l/V4IOMTocjqH4sYbVxJ8pCJ4G9Vw==",
      "dependencies": {
        "@fluentui/merge-styles": "^8.2.1",
        "@fluentui/set-version": "^8.1.4",
        "@fluentui/theme": "^2.4.3",
        "@fluentui/utilities": "^8.3.6",
        "@microsoft/load-themed-styles": "^1.10.26",
        "tslib": "^2.1.0"
      }
    },
    "node_modules/@fluentui/theme": {
      "version": "2.4.3",
      "resolved": "https://registry.npmjs.org/@fluentui/theme/-/theme-2.4.3.tgz",
      "integrity": "sha512-+BeZxF7UbZlKgL34GCC8TqIhd/RC+hgvTjyi51CdQrdJmHLMVklW+BcrTtOS9XguQEkvVMRjW28RzXMehpIkOw==",
      "dependencies": {
        "@fluentui/merge-styles": "^8.2.1",
        "@fluentui/set-version": "^8.1.4",
        "@fluentui/utilities": "^8.3.6",
        "tslib": "^2.1.0"
      },
      "peerDependencies": {
        "@types/react": ">=16.8.0 <18.0.0",
        "react": ">=16.8.0 <18.0.0"
      }
    },
    "node_modules/@fluentui/utilities": {
      "version": "8.3.6",
      "resolved": "https://registry.npmjs.org/@fluentui/utilities/-/utilities-8.3.6.tgz",
      "integrity": "sha512-ubB1/g3ppJ/MCbQHYwldpKP6EfE8ScwL8wMlnWFoSMo9E7FzlfoeOOPLzmT7fGptTnXzFDQtP4SR4Y/YQXVPGg==",
      "dependencies": {
        "@fluentui/dom-utilities": "^2.1.4",
        "@fluentui/merge-styles": "^8.2.1",
        "@fluentui/set-version": "^8.1.4",
        "tslib": "^2.1.0"
      },
      "peerDependencies": {
        "@types/react": ">=16.8.0 <18.0.0",
        "react": ">=16.8.0 <18.0.0"
      }
    },
    "node_modules/@microsoft/load-themed-styles": {
      "version": "1.10.230",
      "resolved": "https://registry.npmjs.org/@microsoft/load-themed-styles/-/load-themed-styles-1.10.230.tgz",
      "integrity": "sha512-EMc7AqUZxRnZTpnPasItHN5DXV/EdJ19wHyOls69PF089Ny9pUxZEbAPROOuR6I1m8WvNRJrlagLJgG9Yq0Y2w=="
    },
    "node_modules/@types/prop-types": {
      "version": "15.7.4",
      "resolved": "https://registry.npmjs.org/@types/prop-types/-/prop-types-15.7.4.tgz",
      "integrity": "sha512-rZ5drC/jWjrArrS8BR6SIr4cWpW09RNTYt9AMZo3Jwwif+iacXAqgVjm0B0Bv/S1jhDXKHqRVNCbACkJ89RAnQ==",
      "peer": true
    },
    "node_modules/@types/react": {
      "version": "17.0.35",
      "resolved": "https://registry.npmjs.org/@types/react/-/react-17.0.35.tgz",
      "integrity": "sha512-r3C8/TJuri/SLZiiwwxQoLAoavaczARfT9up9b4Jr65+ErAUX3MIkU0oMOQnrpfgHme8zIqZLX7O5nnjm5Wayw==",
      "peer": true,
      "dependencies": {
        "@types/prop-types": "*",
        "@types/scheduler": "*",
        "csstype": "^3.0.2"
      }
    },
    "node_modules/@types/react-dom": {
      "version": "17.0.11",
      "resolved": "https://registry.npmjs.org/@types/react-dom/-/react-dom-17.0.11.tgz",
      "integrity": "sha512-f96K3k+24RaLGVu/Y2Ng3e1EbZ8/cVJvypZWd7cy0ofCBaf2lcM46xNhycMZ2xGwbBjRql7hOlZ+e2WlJ5MH3Q==",
      "peer": true,
      "dependencies": {
        "@types/react": "*"
      }
    },
    "node_modules/@types/scheduler": {
      "version": "0.16.2",
      "resolved": "https://registry.npmjs.org/@types/scheduler/-/scheduler-0.16.2.tgz",
      "integrity": "sha512-hppQEBDmlwhFAXKJX2KnWLYu5yMfi91yazPb2l+lbJiwW+wdo1gNeRA+3RgNSO39WYX2euey41KEwnqesU2Jew==",
      "peer": true
    },
    "node_modules/csstype": {
      "version": "3.0.10",
      "resolved": "https://registry.npmjs.org/csstype/-/csstype-3.0.10.tgz",
      "integrity": "sha512-2u44ZG2OcNUO9HDp/Jl8C07x6pU/eTR3ncV91SiK3dhG9TWvRVsCoJw14Ckx5DgWkzGA3waZWO3d7pgqpUI/XA==",
      "peer": true
    },
    "node_modules/js-tokens": {
      "version": "4.0.0",
      "resolved": "https://registry.npmjs.org/js-tokens/-/js-tokens-4.0.0.tgz",
      "integrity": "sha512-RdJUflcE3cUzKiMqQgsCu06FPu9UdIJO0beYbPhHN4k6apgJtifcoCtT9bcxOpYBtpD2kCM6Sbzg4CausW/PKQ==",
      "peer": true
    },
    "node_modules/loose-envify": {
      "version": "1.4.0",
      "resolved": "https://registry.npmjs.org/loose-envify/-/loose-envify-1.4.0.tgz",
      "integrity": "sha512-lyuxPGr/Wfhrlem2CL/UcnUc1zcqKAImBDzukY7Y5F/yQiNdko6+fRLevlw1HgMySw7f611UIY408EtxRSoK3Q==",
      "peer": true,
      "dependencies": {
        "js-tokens": "^3.0.0 || ^4.0.0"
      },
      "bin": {
        "loose-envify": "cli.js"
      }
    },
    "node_modules/object-assign": {
      "version": "4.1.1",
      "resolved": "https://registry.npmjs.org/object-assign/-/object-assign-4.1.1.tgz",
      "integrity": "sha1-IQmtx5ZYh8/AXLvUQsrIv7s2CGM=",
      "peer": true,
      "engines": {
        "node": ">=0.10.0"
      }
    },
    "node_modules/react": {
      "version": "17.0.2",
      "resolved": "https://registry.npmjs.org/react/-/react-17.0.2.tgz",
      "integrity": "sha512-gnhPt75i/dq/z3/6q/0asP78D0u592D5L1pd7M8P+dck6Fu/jJeL6iVVK23fptSUZj8Vjf++7wXA8UNclGQcbA==",
      "peer": true,
      "dependencies": {
        "loose-envify": "^1.1.0",
        "object-assign": "^4.1.1"
      },
      "engines": {
        "node": ">=0.10.0"
      }
    },
    "node_modules/react-dom": {
      "version": "17.0.2",
      "resolved": "https://registry.npmjs.org/react-dom/-/react-dom-17.0.2.tgz",
      "integrity": "sha512-s4h96KtLDUQlsENhMn1ar8t2bEa+q/YAtj8pPPdIjPDGBDIVNsrD9aXNWqspUe6AzKCIG0C1HZZLqLV7qpOBGA==",
      "peer": true,
      "dependencies": {
        "loose-envify": "^1.1.0",
        "object-assign": "^4.1.1",
        "scheduler": "^0.20.2"
      },
      "peerDependencies": {
        "react": "17.0.2"
      }
    },
    "node_modules/scheduler": {
      "version": "0.20.2",
      "resolved": "https://registry.npmjs.org/scheduler/-/scheduler-0.20.2.tgz",
      "integrity": "sha512-2eWfGgAqqWFGqtdMmcL5zCMK1U8KlXv8SQFGglL3CEtd0aDVDWgeF/YoCmvln55m5zSk3J/20hTaSBeSObsQDQ==",
      "peer": true,
      "dependencies": {
        "loose-envify": "^1.1.0",
        "object-assign": "^4.1.1"
      }
    },
    "node_modules/tslib": {
      "version": "2.3.1",
      "resolved": "https://registry.npmjs.org/tslib/-/tslib-2.3.1.tgz",
      "integrity": "sha512-77EbyPPpMz+FRFRuAFlWMtmgUWGe9UOG2Z25NqCwiIjRhOf5iKGuzSe5P2w1laq+FkRy4p+PCuVkJSGkzTEKVw=="
    }
  },
  "dependencies": {
    "@fluentui/date-time-utilities": {
      "version": "8.2.2",
      "resolved": "https://registry.npmjs.org/@fluentui/date-time-utilities/-/date-time-utilities-8.2.2.tgz",
      "integrity": "sha512-djHrX/38ty+F93qLQjzmRzPzK598CW9g/RPhQH6GyrFBLPSWM1swYKB5TP6E7FrIf+fT4pVqrNUSYZhgi2rrOQ==",
      "requires": {
        "@fluentui/set-version": "^8.1.4",
        "tslib": "^2.1.0"
      }
    },
    "@fluentui/dom-utilities": {
      "version": "2.1.4",
      "resolved": "https://registry.npmjs.org/@fluentui/dom-utilities/-/dom-utilities-2.1.4.tgz",
      "integrity": "sha512-+gsAnEjgoKB37o+tsMdSLtgqZ9z2PzpvnHx/2IqhRWjQQd7Xc7MbQsbZaQ5qfkioFHLnWGc/+WORpqKPy/sWrg==",
      "requires": {
        "@fluentui/set-version": "^8.1.4",
        "tslib": "^2.1.0"
      }
    },
    "@fluentui/font-icons-mdl2": {
      "version": "8.1.17",
      "resolved": "https://registry.npmjs.org/@fluentui/font-icons-mdl2/-/font-icons-mdl2-8.1.17.tgz",
      "integrity": "sha512-/w5aRIjsPCCMUUjkx+A0ba6OAMh6JqK5txTFSZCWGNXqwUZEkI7JNj3fCsCAQpEXVKD19XisESgllpZfOTpyKw==",
      "requires": {
        "@fluentui/set-version": "^8.1.4",
        "@fluentui/style-utilities": "^8.4.2",
        "tslib": "^2.1.0"
      }
    },
    "@fluentui/foundation-legacy": {
      "version": "8.1.16",
      "resolved": "https://registry.npmjs.org/@fluentui/foundation-legacy/-/foundation-legacy-8.1.16.tgz",
      "integrity": "sha512-u4A/w2XAxdjSrSWRP52HLQvGMoj4GI96eYYyRBRRHMNfEUO3uU9WUFb//VgaiApzV+GDNUJS4o1cXIWewPDiXQ==",
      "requires": {
        "@fluentui/merge-styles": "^8.2.1",
        "@fluentui/set-version": "^8.1.4",
        "@fluentui/style-utilities": "^8.4.2",
        "@fluentui/utilities": "^8.3.6",
        "tslib": "^2.1.0"
      }
    },
    "@fluentui/keyboard-key": {
      "version": "0.3.4",
      "resolved": "https://registry.npmjs.org/@fluentui/keyboard-key/-/keyboard-key-0.3.4.tgz",
      "integrity": "sha512-pVY2m3IC5+LLmMzsaPApX9eKTzpOzdgQwrR3FNTE6mGx3N/+QWYM7fdF+T1ldZQt87dCRSeQnmAo5kqjtxeA/w==",
      "requires": {
        "tslib": "^2.1.0"
      }
    },
    "@fluentui/merge-styles": {
      "version": "8.2.1",
      "resolved": "https://registry.npmjs.org/@fluentui/merge-styles/-/merge-styles-8.2.1.tgz",
      "integrity": "sha512-PwFndIWHNpwNF3On1Y/Kn73ycXJrZNrIG7ZV/G+C6g+ebVP0I87Mgx3kt8I+/hZxQJ0vjrFVslXiNMOFOfLaSQ==",
      "requires": {
        "@fluentui/set-version": "^8.1.4",
        "tslib": "^2.1.0"
      }
    },
    "@fluentui/react": {
      "version": "8.42.4",
      "resolved": "https://registry.npmjs.org/@fluentui/react/-/react-8.42.4.tgz",
      "integrity": "sha512-rf8hta+74Po59u+s7aS+KX1APvM1IbWinYEuCnr1nFcIVpF4SRhmcpdxkqkNG3V3TRrmCTk/lnl8ncPOxaws4w==",
      "requires": {
        "@fluentui/date-time-utilities": "^8.2.2",
        "@fluentui/font-icons-mdl2": "^8.1.17",
        "@fluentui/foundation-legacy": "^8.1.16",
        "@fluentui/merge-styles": "^8.2.1",
        "@fluentui/react-focus": "^8.3.8",
        "@fluentui/react-hooks": "^8.3.6",
        "@fluentui/react-window-provider": "^2.1.4",
        "@fluentui/set-version": "^8.1.4",
        "@fluentui/style-utilities": "^8.4.2",
        "@fluentui/theme": "^2.4.3",
        "@fluentui/utilities": "^8.3.6",
        "@microsoft/load-themed-styles": "^1.10.26",
        "tslib": "^2.1.0"
      }
    },
    "@fluentui/react-focus": {
      "version": "8.3.8",
      "resolved": "https://registry.npmjs.org/@fluentui/react-focus/-/react-focus-8.3.8.tgz",
      "integrity": "sha512-mm4PUlzs6i4Op5V3+6R2wI0gxSQSrOsTj2HEZhCxvF9RdVKXUUSzhm23+mV6n+gQR1n3scxNxKzIbM3cOk073A==",
      "requires": {
        "@fluentui/keyboard-key": "^0.3.4",
        "@fluentui/merge-styles": "^8.2.1",
        "@fluentui/set-version": "^8.1.4",
        "@fluentui/style-utilities": "^8.4.2",
        "@fluentui/utilities": "^8.3.6",
        "tslib": "^2.1.0"
      }
    },
    "@fluentui/react-hooks": {
      "version": "8.3.6",
      "resolved": "https://registry.npmjs.org/@fluentui/react-hooks/-/react-hooks-8.3.6.tgz",
      "integrity": "sha512-LVzm3fHZyx8d9IPdfEX7DV5/6jick/21oPqhlnXjxZqYWUUx5hbo6qefuMrft/hBRA/oPc2yiMvri5E7q08/Hg==",
      "requires": {
        "@fluentui/react-window-provider": "^2.1.4",
        "@fluentui/set-version": "^8.1.4",
        "@fluentui/utilities": "^8.3.6",
        "tslib": "^2.1.0"
      }
    },
    "@fluentui/react-window-provider": {
      "version": "2.1.4",
      "resolved": "https://registry.npmjs.org/@fluentui/react-window-provider/-/react-window-provider-2.1.4.tgz",
      "integrity": "sha512-RztmJ7ol2eMDr3NCs2OcAA1cQjZdPPUEa4aurgh4Aq+JM/BiY0aK6S4SeFtVD7F8Q7PBOz/xwOG4HlnSMQtlsg==",
      "requires": {
        "@fluentui/set-version": "^8.1.4",
        "tslib": "^2.1.0"
      }
    },
    "@fluentui/set-version": {
      "version": "8.1.4",
      "resolved": "https://registry.npmjs.org/@fluentui/set-version/-/set-version-8.1.4.tgz",
      "integrity": "sha512-2otMyJ+s+W+hjBD4BKjwYKKinJUDeIKYKz93qKrrJS0i3fKfftNroy9dHFlIblZ7n747L334plLi3bzQO1bnvA==",
      "requires": {
        "tslib": "^2.1.0"
      }
    },
    "@fluentui/style-utilities": {
      "version": "8.4.2",
      "resolved": "https://registry.npmjs.org/@fluentui/style-utilities/-/style-utilities-8.4.2.tgz",
      "integrity": "sha512-RwZo+IzzgQzdzxh0Zv5uEaUZKlNpR80ct7Y/8SiSyYOP4Q7vVqIg8kCj8l/V4IOMTocjqH4sYbVxJ8pCJ4G9Vw==",
      "requires": {
        "@fluentui/merge-styles": "^8.2.1",
        "@fluentui/set-version": "^8.1.4",
        "@fluentui/theme": "^2.4.3",
        "@fluentui/utilities": "^8.3.6",
        "@microsoft/load-themed-styles": "^1.10.26",
        "tslib": "^2.1.0"
      }
    },
    "@fluentui/theme": {
      "version": "2.4.3",
      "resolved": "https://registry.npmjs.org/@fluentui/theme/-/theme-2.4.3.tgz",
      "integrity": "sha512-+BeZxF7UbZlKgL34GCC8TqIhd/RC+hgvTjyi51CdQrdJmHLMVklW+BcrTtOS9XguQEkvVMRjW28RzXMehpIkOw==",
      "requires": {
        "@fluentui/merge-styles": "^8.2.1",
        "@fluentui/set-version": "^8.1.4",
        "@fluentui/utilities": "^8.3.6",
        "tslib": "^2.1.0"
      }
    },
    "@fluentui/utilities": {
      "version": "8.3.6",
      "resolved": "https://registry.npmjs.org/@fluentui/utilities/-/utilities-8.3.6.tgz",
      "integrity": "sha512-ubB1/g3ppJ/MCbQHYwldpKP6EfE8ScwL8wMlnWFoSMo9E7FzlfoeOOPLzmT7fGptTnXzFDQtP4SR4Y/YQXVPGg==",
      "requires": {
        "@fluentui/dom-utilities": "^2.1.4",
        "@fluentui/merge-styles": "^8.2.1",
        "@fluentui/set-version": "^8.1.4",
        "tslib": "^2.1.0"
      }
    },
    "@microsoft/load-themed-styles": {
      "version": "1.10.230",
      "resolved": "https://registry.npmjs.org/@microsoft/load-themed-styles/-/load-themed-styles-1.10.230.tgz",
      "integrity": "sha512-EMc7AqUZxRnZTpnPasItHN5DXV/EdJ19wHyOls69PF089Ny9pUxZEbAPROOuR6I1m8WvNRJrlagLJgG9Yq0Y2w=="
    },
    "@types/prop-types": {
      "version": "15.7.4",
      "resolved": "https://registry.npmjs.org/@types/prop-types/-/prop-types-15.7.4.tgz",
      "integrity": "sha512-rZ5drC/jWjrArrS8BR6SIr4cWpW09RNTYt9AMZo3Jwwif+iacXAqgVjm0B0Bv/S1jhDXKHqRVNCbACkJ89RAnQ==",
      "peer": true
    },
    "@types/react": {
      "version": "17.0.35",
      "resolved": "https://registry.npmjs.org/@types/react/-/react-17.0.35.tgz",
      "integrity": "sha512-r3C8/TJuri/SLZiiwwxQoLAoavaczARfT9up9b4Jr65+ErAUX3MIkU0oMOQnrpfgHme8zIqZLX7O5nnjm5Wayw==",
      "peer": true,
      "requires": {
        "@types/prop-types": "*",
        "@types/scheduler": "*",
        "csstype": "^3.0.2"
      }
    },
    "@types/react-dom": {
      "version": "17.0.11",
      "resolved": "https://registry.npmjs.org/@types/react-dom/-/react-dom-17.0.11.tgz",
      "integrity": "sha512-f96K3k+24RaLGVu/Y2Ng3e1EbZ8/cVJvypZWd7cy0ofCBaf2lcM46xNhycMZ2xGwbBjRql7hOlZ+e2WlJ5MH3Q==",
      "peer": true,
      "requires": {
        "@types/react": "*"
      }
    },
    "@types/scheduler": {
      "version": "0.16.2",
      "resolved": "https://registry.npmjs.org/@types/scheduler/-/scheduler-0.16.2.tgz",
      "integrity": "sha512-hppQEBDmlwhFAXKJX2KnWLYu5yMfi91yazPb2l+lbJiwW+wdo1gNeRA+3RgNSO39WYX2euey41KEwnqesU2Jew==",
      "peer": true
    },
    "csstype": {
      "version": "3.0.10",
      "resolved": "https://registry.npmjs.org/csstype/-/csstype-3.0.10.tgz",
      "integrity": "sha512-2u44ZG2OcNUO9HDp/Jl8C07x6pU/eTR3ncV91SiK3dhG9TWvRVsCoJw14Ckx5DgWkzGA3waZWO3d7pgqpUI/XA==",
      "peer": true
    },
    "js-tokens": {
      "version": "4.0.0",
      "resolved": "https://registry.npmjs.org/js-tokens/-/js-tokens-4.0.0.tgz",
      "integrity": "sha512-RdJUflcE3cUzKiMqQgsCu06FPu9UdIJO0beYbPhHN4k6apgJtifcoCtT9bcxOpYBtpD2kCM6Sbzg4CausW/PKQ==",
      "peer": true
    },
    "loose-envify": {
      "version": "1.4.0",
      "resolved": "https://registry.npmjs.org/loose-envify/-/loose-envify-1.4.0.tgz",
      "integrity": "sha512-lyuxPGr/Wfhrlem2CL/UcnUc1zcqKAImBDzukY7Y5F/yQiNdko6+fRLevlw1HgMySw7f611UIY408EtxRSoK3Q==",
      "peer": true,
      "requires": {
        "js-tokens": "^3.0.0 || ^4.0.0"
      }
    },
    "object-assign": {
      "version": "4.1.1",
      "resolved": "https://registry.npmjs.org/object-assign/-/object-assign-4.1.1.tgz",
      "integrity": "sha1-IQmtx5ZYh8/AXLvUQsrIv7s2CGM=",
      "peer": true
    },
    "react": {
      "version": "17.0.2",
      "resolved": "https://registry.npmjs.org/react/-/react-17.0.2.tgz",
      "integrity": "sha512-gnhPt75i/dq/z3/6q/0asP78D0u592D5L1pd7M8P+dck6Fu/jJeL6iVVK23fptSUZj8Vjf++7wXA8UNclGQcbA==",
      "peer": true,
      "requires": {
        "loose-envify": "^1.1.0",
        "object-assign": "^4.1.1"
      }
    },
    "react-dom": {
      "version": "17.0.2",
      "resolved": "https://registry.npmjs.org/react-dom/-/react-dom-17.0.2.tgz",
      "integrity": "sha512-s4h96KtLDUQlsENhMn1ar8t2bEa+q/YAtj8pPPdIjPDGBDIVNsrD9aXNWqspUe6AzKCIG0C1HZZLqLV7qpOBGA==",
      "peer": true,
      "requires": {
        "loose-envify": "^1.1.0",
        "object-assign": "^4.1.1",
        "scheduler": "^0.20.2"
      }
    },
    "scheduler": {
      "version": "0.20.2",
      "resolved": "https://registry.npmjs.org/scheduler/-/scheduler-0.20.2.tgz",
      "integrity": "sha512-2eWfGgAqqWFGqtdMmcL5zCMK1U8KlXv8SQFGglL3CEtd0aDVDWgeF/YoCmvln55m5zSk3J/20hTaSBeSObsQDQ==",
      "peer": true,
      "requires": {
        "loose-envify": "^1.1.0",
        "object-assign": "^4.1.1"
      }
    },
    "tslib": {
      "version": "2.3.1",
      "resolved": "https://registry.npmjs.org/tslib/-/tslib-2.3.1.tgz",
      "integrity": "sha512-77EbyPPpMz+FRFRuAFlWMtmgUWGe9UOG2Z25NqCwiIjRhOf5iKGuzSe5P2w1laq+FkRy4p+PCuVkJSGkzTEKVw=="
    }
  }
}
