{
  "name": "puppeteer-as-azure-function",
  "version": "1.0.0",
  "lockfileVersion": 1,
  "requires": true,
  "dependencies": {
    "@azure/functions": {
      "version": "1.0.3",
      "resolved": "https://registry.npmjs.org/@azure/functions/-/functions-1.0.3.tgz",
      "integrity": "sha512-/D+sz6LgWT+A6RRW2zhwlwhKqqDSxL6HCF1Q1lN0iXolD2FfNFZpzrOxGyGYEEXp/5Dtjp12bcRTBhMH1cBi2Q==",
      "dev": true
    },
    "typescript": {
      "version": "3.7.4",
      "resolved": "https://registry.npmjs.org/typescript/-/typescript-3.7.4.tgz",
      "integrity": "sha512-A25xv5XCtarLwXpcDNZzCGvW2D1S3/bACratYBx2sax8PefsFhlYmkQicKHvpYflFS8if4zne5zT5kpJ7pzuvw==",
      "dev": true
    }
  }
}
